{
  "name": "minecraft-server-terminator",
  "version": "1.0.0",
  "lockfileVersion": 1,
  "requires": true,
  "dependencies": {
    "ajv": {
      "version": "6.12.2",
      "resolved": "https://registry.npmjs.org/ajv/-/ajv-6.12.2.tgz",
      "integrity": "sha512-k+V+hzjm5q/Mr8ef/1Y9goCmlsK4I6Sm74teeyGvFk1XrOsbsKLjEdrvny42CZ+a8sXbk8KWpY/bDwS+FLL2UQ==",
      "requires": {
        "fast-deep-equal": "^3.1.1",
        "fast-json-stable-stringify": "^2.0.0",
        "json-schema-traverse": "^0.4.1",
        "uri-js": "^4.2.2"
      }
    },
    "asn1": {
      "version": "0.2.3",
      "resolved": "https://registry.npmjs.org/asn1/-/asn1-0.2.3.tgz",
      "integrity": "sha1-2sh4dxPJlmhJ/IGAd36+nB3fO4Y="
    },
    "aws-sdk": {
      "version": "2.663.0",
      "resolved": "https://registry.npmjs.org/aws-sdk/-/aws-sdk-2.663.0.tgz",
      "integrity": "sha512-xPOszNOaSXTRs8VGXaMbhTKXdlq2TlDRfFRVEGxkZrtow87hEIVZGAUSUme2e3GHqHUDnySwcufrUpUPUizOKQ==",
      "requires": {
        "buffer": "4.9.1",
        "events": "1.1.1",
        "ieee754": "1.1.13",
        "jmespath": "0.15.0",
        "querystring": "0.2.0",
        "sax": "1.2.1",
        "url": "0.10.3",
        "uuid": "3.3.2",
        "xml2js": "0.4.19"
      },
      "dependencies": {
        "uuid": {
          "version": "3.3.2",
          "resolved": "https://registry.npmjs.org/uuid/-/uuid-3.3.2.tgz",
          "integrity": "sha512-yXJmeNaw3DnnKAOKJE51sL/ZaYfWJRl1pK9dr19YFCu0ObS231AB1/LbqTKRAQ5kw8A90rA6fr4riOUpTZvQZA=="
        }
      }
    },
    "base64-js": {
      "version": "1.3.1",
      "resolved": "https://registry.npmjs.org/base64-js/-/base64-js-1.3.1.tgz",
      "integrity": "sha512-mLQ4i2QO1ytvGWFWmcngKO//JXAQueZvwEKtjgQFM4jIK0kU+ytMfplL8j+n5mspOfjHwoAg+9yhb7BwAHm36g=="
    },
    "buffer": {
      "version": "4.9.1",
      "resolved": "https://registry.npmjs.org/buffer/-/buffer-4.9.1.tgz",
      "integrity": "sha1-bRu2AbB6TvztlwlBMgkwJ8lbwpg=",
      "requires": {
        "base64-js": "^1.0.2",
        "ieee754": "^1.1.4",
        "isarray": "^1.0.0"
      }
    },
    "buffer-equal": {
      "version": "1.0.0",
      "resolved": "https://registry.npmjs.org/buffer-equal/-/buffer-equal-1.0.0.tgz",
      "integrity": "sha1-WWFrSYME1Var1GaWayLu2j7KX74="
    },
    "centra": {
      "version": "2.4.0",
      "resolved": "https://registry.npmjs.org/centra/-/centra-2.4.0.tgz",
      "integrity": "sha512-AWmF3EHNe/noJHviynZOrdnUuQzT5AMgl9nJPXGvnzGXrI2ZvNDrEcdqskc4EtQwt2Q1IggXb0OXy7zZ1Xvvew=="
    },
    "chef-api": {
      "version": "git://github.com/mattwcole/chef-api.git#0108a8f3a506308c8b478a975470dac0f21f18bb",
      "from": "git://github.com/mattwcole/chef-api.git#remove-ursa",
      "requires": {
        "lodash": "^2.2.1",
        "request": "^2.61.0"
      },
      "dependencies": {
        "lodash": {
          "version": "2.4.2",
          "resolved": "https://registry.npmjs.org/lodash/-/lodash-2.4.2.tgz",
          "integrity": "sha1-+t2DS5aDBz2hebPq5tnA0VBT9z4="
        },
        "request": {
          "version": "2.67.0",
          "resolved": "http://registry.npmjs.org/request/-/request-2.67.0.tgz",
          "integrity": "sha512-fzMRDWVEdMktE3foqvL4CBmC+AR8WvcP8pIPx6JSqqhWuPr+BxX9tKx4XiijfyeKtqqRMNpHDWqFMw4JlRPIJg==",
          "requires": {
            "aws-sign2": "~0.6.0",
            "bl": "~1.0.0",
            "caseless": "~0.11.0",
            "combined-stream": "~1.0.5",
            "extend": "~3.0.0",
            "forever-agent": "~0.6.1",
            "form-data": "~1.0.0-rc3",
            "har-validator": "~2.0.2",
            "hawk": "~3.1.0",
            "http-signature": "~1.1.0",
            "is-typedarray": "~1.0.0",
            "isstream": "~0.1.2",
            "json-stringify-safe": "~5.0.1",
            "mime-types": "~2.1.7",
            "node-uuid": "~1.4.7",
            "oauth-sign": "~0.8.0",
            "qs": "~5.2.0",
            "stringstream": "~0.0.4",
            "tough-cookie": "~2.2.0",
            "tunnel-agent": "~0.4.1"
          },
          "dependencies": {
            "aws-sign2": {
              "version": "0.6.0",
              "resolved": "http://registry.npmjs.org/aws-sign2/-/aws-sign2-0.6.0.tgz",
              "integrity": "sha512-JnJpAS0p9RmixkOvW2XwDxxzs1bd4/VAGIl6Q0EC5YOo+p+hqIhtDhn/nmFnB/xUNXbLkpE2mOjgVIBRKD4xYw=="
            },
            "bl": {
              "version": "1.0.0",
              "resolved": "https://registry.npmjs.org/bl/-/bl-1.0.0.tgz",
              "integrity": "sha512-JtvStMZpC5sQ5/5+cKdQPFsSQInvBla1pcDIPlNtD6pRtEXPWkB7XhLT4AYAF3su4KZQoDpQJOABJN5XtIAAuA==",
              "requires": {
                "readable-stream": "~2.0.0"
              },
              "dependencies": {
                "readable-stream": {
                  "version": "2.0.4",
                  "resolved": "http://registry.npmjs.org/readable-stream/-/readable-stream-2.0.4.tgz",
                  "integrity": "sha512-irlzmIullL3n7q+INILlTg7MbFqYP3f6kNUzhNuWtAp8O0ZGZm64J6NurIJb9HSi3ypxTeEqieiOsB+RqwIjWw==",
                  "requires": {
                    "core-util-is": "~1.0.0",
                    "inherits": "~2.0.1",
                    "isarray": "0.0.1",
                    "process-nextick-args": "~1.0.0",
                    "string_decoder": "~0.10.x",
                    "util-deprecate": "~1.0.1"
                  },
                  "dependencies": {
                    "core-util-is": {
                      "version": "1.0.2",
                      "resolved": "https://registry.npmjs.org/core-util-is/-/core-util-is-1.0.2.tgz",
                      "integrity": "sha512-3lqz5YjWTYnW6dlDa5TLaTCcShfar1e40rmcJVwCBJC6mWlFuj0eCHIElmG1g5kyuJ/GD+8Wn4FFCcz4gJPfaQ=="
                    },
                    "inherits": {
                      "version": "2.0.1",
                      "resolved": "https://registry.npmjs.org/inherits/-/inherits-2.0.1.tgz",
                      "integrity": "sha512-8nWq2nLTAwd02jTqJExUYFSD/fKq6VH9Y/oG2accc/kdI0V98Bag8d5a4gi3XHz73rDWa2PvTtvcWYquKqSENA=="
                    },
                    "isarray": {
                      "version": "0.0.1",
                      "resolved": "https://registry.npmjs.org/isarray/-/isarray-0.0.1.tgz",
                      "integrity": "sha512-D2S+3GLxWH+uhrNEcoh/fnmYeP8E8/zHl644d/jdA0g2uyXvy3sb0qxotE+ne0LtccHknQzWwZEzhak7oJ0COQ=="
                    },
                    "process-nextick-args": {
                      "version": "1.0.6",
                      "resolved": "http://registry.npmjs.org/process-nextick-args/-/process-nextick-args-1.0.6.tgz",
                      "integrity": "sha512-94OochEFu6/hLhOK4cpk2+CU5xVLmdimAnwrjPbb5VLct879euAq+I3mHUfP8u3abmdl2BLRX3oqEUvg5PBsag=="
                    },
                    "string_decoder": {
                      "version": "0.10.31",
                      "resolved": "https://registry.npmjs.org/string_decoder/-/string_decoder-0.10.31.tgz",
                      "integrity": "sha512-ev2QzSzWPYmy9GuqfIVildA4OdcGLeFZQrq5ys6RtiuF+RQQiZWr8TZNyAcuVXyQRYfEO+MsoB/1BuQVhOJuoQ=="
                    },
                    "util-deprecate": {
                      "version": "1.0.2",
                      "resolved": "http://registry.npmjs.org/util-deprecate/-/util-deprecate-1.0.2.tgz",
                      "integrity": "sha512-EPD5q1uXyFxJpCrLnCc1nHnq3gOa6DZBocAIiI2TaSCA7VCJ1UJDMagCzIkXNsUYfD1daK//LTEQ8xiIbrHtcw=="
                    }
                  }
                }
              }
            },
            "caseless": {
              "version": "0.11.0",
              "resolved": "https://registry.npmjs.org/caseless/-/caseless-0.11.0.tgz",
              "integrity": "sha512-ODLXH644w9C2fMPAm7bMDQ3GRvipZWZfKc+8As6hIadRIelE0n0xZuN38NS6kiK3KPEVrpymmQD8bvncAHWQkQ=="
            },
            "combined-stream": {
              "version": "1.0.5",
              "resolved": "https://registry.npmjs.org/combined-stream/-/combined-stream-1.0.5.tgz",
              "integrity": "sha512-JgSRe4l4UzPwpJuxfcPWEK1SCrL4dxNjp1uqrQLMop3QZUVo+hDU8w9BJKA4JPbulTWI+UzrI2UA3tK12yQ6bg==",
              "requires": {
                "delayed-stream": "~1.0.0"
              },
              "dependencies": {
                "delayed-stream": {
                  "version": "1.0.0",
                  "resolved": "https://registry.npmjs.org/delayed-stream/-/delayed-stream-1.0.0.tgz",
                  "integrity": "sha512-ZySD7Nf91aLB0RxL4KGrKHBXl7Eds1DAmEdcoVawXnLD7SDhpNgtuII2aAkg7a7QS41jxPSZ17p4VdGnMHk3MQ=="
                }
              }
            },
            "extend": {
              "version": "3.0.0",
              "resolved": "https://registry.npmjs.org/extend/-/extend-3.0.0.tgz",
              "integrity": "sha512-5mYyg57hpD+sFaJmgNL9BidQ5C7dmJE3U5vzlRWbuqG+8dytvYEoxvKs6Tj5cm3LpMsFvRt20qz1ckezmsOUgQ=="
            },
            "forever-agent": {
              "version": "0.6.1",
              "resolved": "https://registry.npmjs.org/forever-agent/-/forever-agent-0.6.1.tgz",
              "integrity": "sha512-j0KLYPhm6zeac4lz3oJ3o65qvgQCcPubiyotZrXqEaG4hNagNYO8qdlUrX5vwqv9ohqeT/Z3j6+yW067yWWdUw=="
            },
            "form-data": {
              "version": "1.0.0-rc3",
              "resolved": "https://registry.npmjs.org/form-data/-/form-data-1.0.0-rc3.tgz",
              "integrity": "sha512-Z5JWXWsFDI8x73Rt/Dc7SK/EvKBzudhqIVBtEhcAhtoevCTqO3YJmctGBLzT0Ggg39xFcefkXt00t1TYLz6D0w==",
              "requires": {
                "async": "^1.4.0",
                "combined-stream": "^1.0.5",
                "mime-types": "^2.1.3"
              },
              "dependencies": {
                "async": {
                  "version": "1.5.0",
                  "resolved": "http://registry.npmjs.org/async/-/async-1.5.0.tgz",
                  "integrity": "sha512-m9nMwCtLtz29LszVaR0q/FqsJWkrxVoQL95p7JU0us7qUx4WEcySQgwvuneYSGVyvirl81gz7agflS3V1yW14g=="
                }
              }
            },
            "har-validator": {
              "version": "2.0.3",
              "resolved": "http://registry.npmjs.org/har-validator/-/har-validator-2.0.3.tgz",
              "integrity": "sha512-SujSwVMZD3hGLnB8lnwH0eW029etWNfbNBWW/8qlmGbXVU3J+b2XiP5hztmIKQ5fw+iGwRwFDIfn2o4ydmROXA==",
              "requires": {
                "chalk": "^1.1.1",
                "commander": "^2.9.0",
                "is-my-json-valid": "^2.12.3",
                "pinkie-promise": "^2.0.0"
              },
              "dependencies": {
                "chalk": {
                  "version": "1.1.1",
                  "resolved": "https://registry.npmjs.org/chalk/-/chalk-1.1.1.tgz",
                  "integrity": "sha512-W10W+QfIxJlTm3VRtg8eafwUBkDfUPFvRvPv4jCD9vF4+HzlAyXJ7P3Y5yw/r+gJ1TzFEU6oFqMgp1dIVpYr0A==",
                  "requires": {
                    "ansi-styles": "^2.1.0",
                    "escape-string-regexp": "^1.0.2",
                    "has-ansi": "^2.0.0",
                    "strip-ansi": "^3.0.0",
                    "supports-color": "^2.0.0"
                  },
                  "dependencies": {
                    "ansi-styles": {
                      "version": "2.1.0",
                      "resolved": "https://registry.npmjs.org/ansi-styles/-/ansi-styles-2.1.0.tgz",
                      "integrity": "sha512-qGfeDJjjwuLKKzFsdbYhnbn4Hqxkel6cSzdCP5IYmT38eIzVxGCzcOceJNkMG0sD5QMFz8SauI5Y+5lwcgHIgA=="
                    },
                    "escape-string-regexp": {
                      "version": "1.0.3",
                      "resolved": "https://registry.npmjs.org/escape-string-regexp/-/escape-string-regexp-1.0.3.tgz",
                      "integrity": "sha512-Moms4LX81Yz8bfx4CR+r2LQodaAV0SSUHKacBi9bylry3/+ipQX9uOah6/zGXRfBR553xSf1wuOskE22/gAryw=="
                    },
                    "has-ansi": {
                      "version": "2.0.0",
                      "resolved": "https://registry.npmjs.org/has-ansi/-/has-ansi-2.0.0.tgz",
                      "integrity": "sha512-C8vBJ8DwUCx19vhm7urhTuUsr4/IyP6l4VzNQDv+ryHQObW3TTTp9yB68WpYgRe2bbaGuZ/se74IqFeVnMnLZg==",
                      "requires": {
                        "ansi-regex": "^2.0.0"
                      },
                      "dependencies": {
                        "ansi-regex": {
                          "version": "2.0.0",
                          "resolved": "https://registry.npmjs.org/ansi-regex/-/ansi-regex-2.0.0.tgz",
                          "integrity": "sha512-jCcLjwL2jOaTcRIaJkoRteMwNXg8nfJvwT/9K91kwZhH7bf4lsprqZ2+Qa7tSp8BYtejobOCBkDreC07q0KmZw=="
                        }
                      }
                    },
                    "strip-ansi": {
                      "version": "3.0.0",
                      "resolved": "https://registry.npmjs.org/strip-ansi/-/strip-ansi-3.0.0.tgz",
                      "integrity": "sha512-leU/wDjPxUZLHqEy4mYnNETRx1jAO1BJ6oTgn9PQWeAiO8kfng2LBq1iXYsN8UYPPRmAizc51nUY6w2Nv12Hog==",
                      "requires": {
                        "ansi-regex": "^2.0.0"
                      },
                      "dependencies": {
                        "ansi-regex": {
                          "version": "2.0.0",
                          "resolved": "https://registry.npmjs.org/ansi-regex/-/ansi-regex-2.0.0.tgz",
                          "integrity": "sha512-jCcLjwL2jOaTcRIaJkoRteMwNXg8nfJvwT/9K91kwZhH7bf4lsprqZ2+Qa7tSp8BYtejobOCBkDreC07q0KmZw=="
                        }
                      }
                    },
                    "supports-color": {
                      "version": "2.0.0",
                      "resolved": "https://registry.npmjs.org/supports-color/-/supports-color-2.0.0.tgz",
                      "integrity": "sha512-KKNVtd6pCYgPIKU4cp2733HWYCpplQhddZLBUryaAHou723x+FRzQ5Df824Fj+IyyuiQTRoub4SnIFfIcrp70g=="
                    }
                  }
                },
                "commander": {
                  "version": "2.9.0",
                  "resolved": "http://registry.npmjs.org/commander/-/commander-2.9.0.tgz",
                  "integrity": "sha512-bmkUukX8wAOjHdN26xj5c4ctEV22TQ7dQYhSmuckKhToXrkUn0iIaolHdIxYYqD55nhpSPA9zPQ1yP57GdXP2A==",
                  "requires": {
                    "graceful-readlink": ">= 1.0.0"
                  },
                  "dependencies": {
                    "graceful-readlink": {
                      "version": "1.0.1",
                      "resolved": "https://registry.npmjs.org/graceful-readlink/-/graceful-readlink-1.0.1.tgz",
                      "integrity": "sha512-8tLu60LgxF6XpdbK8OW3FA+IfTNBn1ZHGHKF4KQbEeSkajYw5PlYJcKluntgegDPTg8UkHjpet1T82vk6TQ68w=="
                    }
                  }
                },
                "is-my-json-valid": {
                  "version": "2.12.3",
                  "resolved": "http://registry.npmjs.org/is-my-json-valid/-/is-my-json-valid-2.12.3.tgz",
                  "integrity": "sha512-7JTBdOerdsaWUD3MUihk9zARNYsvCoPQN9SDaRX4PTHPhUGB+ZMzFkg/XAaDij7p+dpgYhrRhM9gtxaqZOTqWw==",
                  "requires": {
                    "generate-function": "^2.0.0",
                    "generate-object-property": "^1.1.0",
                    "jsonpointer": "2.0.0",
                    "xtend": "^4.0.0"
                  },
                  "dependencies": {
                    "generate-function": {
                      "version": "2.0.0",
                      "resolved": "https://registry.npmjs.org/generate-function/-/generate-function-2.0.0.tgz",
                      "integrity": "sha512-X46lB9wLCsgkyagCmX2Dev5od5j6niCr3UeMbXVDBVO4tlpXp3o4OFh+0gPTlkD3ZMixU8PCKxf0IMGQvPo8HQ=="
                    },
                    "generate-object-property": {
                      "version": "1.2.0",
                      "resolved": "https://registry.npmjs.org/generate-object-property/-/generate-object-property-1.2.0.tgz",
                      "integrity": "sha512-TuOwZWgJ2VAMEGJvAyPWvpqxSANF0LDpmyHauMjFYzaACvn+QTT/AZomvPCzVBV7yDN3OmwHQ5OvHaeLKre3JQ==",
                      "requires": {
                        "is-property": "^1.0.0"
                      },
                      "dependencies": {
                        "is-property": {
                          "version": "1.0.2",
                          "resolved": "https://registry.npmjs.org/is-property/-/is-property-1.0.2.tgz",
                          "integrity": "sha512-Ks/IoX00TtClbGQr4TWXemAnktAQvYB7HzcCxDGqEZU6oCmb2INHuOoKxbtR+HFkmYWBKv/dOZtGRiAjDhj92g=="
                        }
                      }
                    },
                    "jsonpointer": {
                      "version": "2.0.0",
                      "resolved": "https://registry.npmjs.org/jsonpointer/-/jsonpointer-2.0.0.tgz",
                      "integrity": "sha512-lEavSYWkPcCBtWh/BCsTaUfKKLKNakXf3Yjky/fHXwdmTPKOvHGIkx8ETHheQzidurgvfUQggxLCd0gVvmLHJw=="
                    },
                    "xtend": {
                      "version": "4.0.1",
                      "resolved": "http://registry.npmjs.org/xtend/-/xtend-4.0.1.tgz",
                      "integrity": "sha512-iTwvhNBRetXWe81+VcIw5YeadVSWyze7uA7nVnpP13ulrpnJ3UfQm5ApGnrkmxDJFdrblRdZs0EvaTCIfei5oQ=="
                    }
                  }
                },
                "pinkie-promise": {
                  "version": "2.0.0",
                  "resolved": "http://registry.npmjs.org/pinkie-promise/-/pinkie-promise-2.0.0.tgz",
                  "integrity": "sha512-JQmbsovAyZIAJCrGqQvS66eyW/t7v7Dlvcs0FCZ2dA2AE4VWeysHf3sGpdhnhYIkCxL5Vw7PFWJZGS3Y2AE76A==",
                  "requires": {
                    "pinkie": "^2.0.0"
                  },
                  "dependencies": {
                    "pinkie": {
                      "version": "2.0.1",
                      "resolved": "http://registry.npmjs.org/pinkie/-/pinkie-2.0.1.tgz",
                      "integrity": "sha512-zmcWbcGUjv0TN2OzRcUd3sllloz2xDtDZirISL3l7iwf26A6Hdgk2kSToIVvrtV5A52KTjQwCgqRhZ7Ely2DeA=="
                    }
                  }
                }
              }
            },
            "hawk": {
              "version": "3.1.2",
              "resolved": "http://registry.npmjs.org/hawk/-/hawk-3.1.2.tgz",
              "integrity": "sha512-n7UtFQk6WsEIRuA6qurBiRiImYQ8fgA1j23EpSz/uhmelnyZrjhZ3oowOdLMkOJ2PQkOXRGqDKJNHNw5veOO+g==",
              "requires": {
                "boom": "2.x.x",
                "cryptiles": "2.x.x",
                "hoek": "2.x.x",
                "sntp": "1.x.x"
              },
              "dependencies": {
                "boom": {
                  "version": "2.10.1",
                  "resolved": "http://registry.npmjs.org/boom/-/boom-2.10.1.tgz",
                  "integrity": "sha512-KbiZEa9/vofNcVJXGwdWWn25reQ3V3dHBWbS07FTF3/TOehLnm9GEhJV4T6ZvGPkShRpmUqYwnaCrkj0mRnP6Q==",
                  "requires": {
                    "hoek": "2.x.x"
                  }
                },
                "cryptiles": {
                  "version": "2.0.5",
                  "resolved": "http://registry.npmjs.org/cryptiles/-/cryptiles-2.0.5.tgz",
                  "integrity": "sha512-FFN5KwpvvQTTS5hWPxrU8/QE4kQUc6uwZcrnlMBN82t1MgAtq8mnoDwINBly9Tdr02seeIIhtdF+UH1feBYGog==",
                  "requires": {
                    "boom": "2.x.x"
                  }
                },
                "hoek": {
                  "version": "2.16.3",
                  "resolved": "https://registry.npmjs.org/hoek/-/hoek-2.16.3.tgz",
                  "integrity": "sha512-V6Yw1rIcYV/4JsnggjBU0l4Kr+EXhpwqXRusENU1Xx6ro00IHPHYNynCuBTOZAPlr3AAmLvchH9I7N/VUdvOwQ=="
                },
                "sntp": {
                  "version": "1.0.9",
                  "resolved": "https://registry.npmjs.org/sntp/-/sntp-1.0.9.tgz",
                  "integrity": "sha512-7bgVOAnPj3XjrKY577S+puCKGCRlUrcrEdsMeRXlg9Ghf5df/xNi6sONUa43WrHUd3TjJBF7O04jYoiY0FVa0A==",
                  "requires": {
                    "hoek": "2.x.x"
                  }
                }
              }
            },
            "http-signature": {
              "version": "1.1.0",
              "resolved": "http://registry.npmjs.org/http-signature/-/http-signature-1.1.0.tgz",
              "integrity": "sha512-sPaSNqZsTPE7cB6JYHW/OJAklKOI1iprZZ6YlB5FLwo5cMqL0xTHGCPlgTPumdGUwFjFvpuDvPvwdvshUhWlmg==",
              "requires": {
                "assert-plus": "^0.1.5",
                "jsprim": "^1.2.2",
                "sshpk": "^1.7.0"
              },
              "dependencies": {
                "assert-plus": {
                  "version": "0.1.5",
                  "resolved": "https://registry.npmjs.org/assert-plus/-/assert-plus-0.1.5.tgz",
                  "integrity": "sha512-brU24g7ryhRwGCI2y+1dGQmQXiZF7TtIj583S96y0jjdajIe6wn8BuXyELYhvD22dtIxDQVFk04YTJwwdwOYJw=="
                },
                "jsprim": {
                  "version": "1.2.2",
                  "resolved": "http://registry.npmjs.org/jsprim/-/jsprim-1.2.2.tgz",
                  "integrity": "sha512-hTAms4cBEbKR9iSUi+v7AyTvfyPUWssZqEUBsoDE96bM/sdackVTlDFQWznBxvJwsgdJZqwUBH/IO12HHt0y6w==",
                  "requires": {
                    "extsprintf": "1.0.2",
                    "json-schema": "0.2.2",
                    "verror": "1.3.6"
                  },
                  "dependencies": {
                    "extsprintf": {
                      "version": "1.0.2",
                      "resolved": "http://registry.npmjs.org/extsprintf/-/extsprintf-1.0.2.tgz",
                      "integrity": "sha512-g21Br4ELmVaKCVSUSSTXecKG+MiLcHFoby5RPPUmfZdhQTontXUOPf0QK/TvreRjgItRiyO928zxR4TCrnuwmA=="
                    },
                    "json-schema": {
                      "version": "0.2.2",
                      "resolved": "http://registry.npmjs.org/json-schema/-/json-schema-0.2.2.tgz",
                      "integrity": "sha512-DFzwwaFNKI+cfMyHtcyGA6N9d8jOWEtLc9IrT7WbpZc1V8M5S/HMBjJ3aM2Fx40bcTL2xTuIX/bBr8Zj2soGyg=="
                    },
                    "verror": {
                      "version": "1.3.6",
                      "resolved": "http://registry.npmjs.org/verror/-/verror-1.3.6.tgz",
                      "integrity": "sha512-i8GFYwImt5D5B8CPpi2jrDTy/faq4OEW+NkOTLSKcIdPfdYJvWv3VZddDKl0ByvBe6cJ2s5Mm2XDtv5c2pj/Eg==",
                      "requires": {
                        "extsprintf": "1.0.2"
                      }
                    }
                  }
                },
                "sshpk": {
                  "version": "1.7.1",
                  "resolved": "http://registry.npmjs.org/sshpk/-/sshpk-1.7.1.tgz",
                  "integrity": "sha512-5tF1bCTJM3L2EPeg25Njg91c231xKXrTthIOwFzRJo5DSdnaoC8SVTZvX4NcXsbu16LoszUuOyj+RzBa9E4law==",
                  "requires": {
                    "asn1": ">=0.2.3 <0.3.0",
                    "assert-plus": ">=0.2.0 <0.3.0",
                    "dashdash": ">=1.10.1 <2.0.0",
                    "ecc-jsbn": ">=0.0.1 <1.0.0",
                    "jodid25519": ">=1.0.0 <2.0.0",
                    "jsbn": ">=0.1.0 <0.2.0",
                    "tweetnacl": ">=0.13.0 <1.0.0"
                  },
                  "dependencies": {
                    "asn1": {
                      "version": "0.2.3",
                      "resolved": "http://registry.npmjs.org/asn1/-/asn1-0.2.3.tgz",
                      "integrity": "sha512-6i37w/+EhlWlGUJff3T/Q8u1RGmP5wgbiwYnOnbOqvtrPxT63/sYFyP9RcpxtxGymtfA075IvmOnL7ycNOWl3w=="
                    },
                    "assert-plus": {
                      "version": "0.2.0",
                      "resolved": "http://registry.npmjs.org/assert-plus/-/assert-plus-0.2.0.tgz",
                      "integrity": "sha512-u1L0ZLywRziOVjUhRxI0Qg9G+4RnFB9H/Rq40YWn0dieDgO7vAYeJz6jKAO6t/aruzlDFLAPkQTT87e+f8Imaw=="
                    },
                    "dashdash": {
                      "version": "1.10.1",
                      "resolved": "http://registry.npmjs.org/dashdash/-/dashdash-1.10.1.tgz",
                      "integrity": "sha512-hu/OyjwJnarCHKBL1eM4ZaRn00dwRwfSOR316vE5IO7PO4iM+xMx6xOY2g76yRwq+OHBrmb5oh74tVr27piJTQ==",
                      "requires": {
                        "assert-plus": "0.1.x"
                      },
                      "dependencies": {
                        "assert-plus": {
                          "version": "0.1.5",
                          "resolved": "https://registry.npmjs.org/assert-plus/-/assert-plus-0.1.5.tgz",
                          "integrity": "sha512-brU24g7ryhRwGCI2y+1dGQmQXiZF7TtIj583S96y0jjdajIe6wn8BuXyELYhvD22dtIxDQVFk04YTJwwdwOYJw=="
                        }
                      }
                    },
                    "ecc-jsbn": {
                      "version": "0.1.1",
                      "resolved": "http://registry.npmjs.org/ecc-jsbn/-/ecc-jsbn-0.1.1.tgz",
                      "integrity": "sha512-8Pvg9QY16SYajEL9W1Lk+9yM7XCK/MOq2wibslLZYAAEEkbAIO6mLkW+GFYbvvw8qTuDFzFMg40rS9IxkNCWPg==",
                      "optional": true,
                      "requires": {
                        "jsbn": "~0.1.0"
                      }
                    },
                    "jodid25519": {
                      "version": "1.0.2",
                      "resolved": "http://registry.npmjs.org/jodid25519/-/jodid25519-1.0.2.tgz",
                      "integrity": "sha512-b2Zna/wGIyTzi0Gemg27JYUaRyTyBETw5GnqyVQMr71uojOYMrgkD2+Px3bG2ZFi7/zTUXJSDoGoBOhMixq7tg==",
                      "optional": true,
                      "requires": {
                        "jsbn": "~0.1.0"
                      }
                    },
                    "jsbn": {
                      "version": "0.1.0",
                      "resolved": "http://registry.npmjs.org/jsbn/-/jsbn-0.1.0.tgz",
                      "integrity": "sha512-nSJUKpgMhIK31baMn1+o+ykqan4LBGpeoQguOposJRYzectoBq94PDeRu8wwaJwHMoD7FTGjILdRyWZRuL9pAw==",
                      "optional": true
                    },
                    "tweetnacl": {
                      "version": "0.13.2",
                      "resolved": "http://registry.npmjs.org/tweetnacl/-/tweetnacl-0.13.2.tgz",
                      "integrity": "sha512-0GNqTnmku6EA6waS9inyln37bhdSJFGZsusHB4OEN+qew6uAwqx9fQEujTzM1CIQUWJlAESNlEtqdJdl2sa13Q==",
                      "optional": true
                    }
                  }
                }
              }
            },
            "is-typedarray": {
              "version": "1.0.0",
              "resolved": "http://registry.npmjs.org/is-typedarray/-/is-typedarray-1.0.0.tgz",
              "integrity": "sha512-cyA56iCMHAh5CdzjJIa4aohJyeO1YbwLi3Jc35MmRU6poroFjIGZzUzupGiRPOjgHg9TLu43xbpwXk523fMxKA=="
            },
            "isstream": {
              "version": "0.1.2",
              "resolved": "https://registry.npmjs.org/isstream/-/isstream-0.1.2.tgz",
              "integrity": "sha512-Yljz7ffyPbrLpLngrMtZ7NduUgVvi6wG9RJ9IUcyCd59YQ911PBJphODUcbOVbqYfxe1wuYf/LJ8PauMRwsM/g=="
            },
            "json-stringify-safe": {
              "version": "5.0.1",
              "resolved": "https://registry.npmjs.org/json-stringify-safe/-/json-stringify-safe-5.0.1.tgz",
              "integrity": "sha512-ZClg6AaYvamvYEE82d3Iyd3vSSIjQ+odgjaTzRuO3s7toCdFKczob2i0zCh7JE8kWn17yvAWhUVxvqGwUalsRA=="
            },
            "mime-types": {
              "version": "2.1.8",
              "resolved": "http://registry.npmjs.org/mime-types/-/mime-types-2.1.8.tgz",
              "integrity": "sha512-PHhLyM6wFxef+LfMcX2GvMqEY8mAK4Sv3DmqqW+1sYKGMZRmJkyF6ZgvhJGF3W59YL+4yMC7c2CHfG+lcbqY5A==",
              "requires": {
                "mime-db": "~1.20.0"
              },
              "dependencies": {
                "mime-db": {
                  "version": "1.20.0",
                  "resolved": "http://registry.npmjs.org/mime-db/-/mime-db-1.20.0.tgz",
                  "integrity": "sha512-Eba+5Pcf8fs1yDZSisvAB68AvA67McCHqSKB9UB1nIrCX9efN6gKInT5gQX0HyWf/SZlWhTfoZQ+2sYF2TkI4A=="
                }
              }
            },
            "node-uuid": {
              "version": "1.4.7",
              "resolved": "https://registry.npmjs.org/node-uuid/-/node-uuid-1.4.7.tgz",
              "integrity": "sha512-1ufwSb+P48JyWDskpICvUCAXNaIFcNeln/hhg6yViwOoJ6g26SfaFoYIuGu0grRUsxqeJkC2aq5wAxXo1bT/FA=="
            },
            "oauth-sign": {
              "version": "0.8.0",
              "resolved": "https://registry.npmjs.org/oauth-sign/-/oauth-sign-0.8.0.tgz",
              "integrity": "sha512-cZAErO07dyAFyYKlrbm/tmxiqGxWZdsPAD0645q5OSvbpJbIZXjYspbBs0AaVznJCDneZlIZ2lgy3cyA3iKuiA=="
            },
            "qs": {
              "version": "5.2.0",
              "resolved": "http://registry.npmjs.org/qs/-/qs-5.2.0.tgz",
              "integrity": "sha512-VH4FeG98gs6AkHivaW2O14vsOPBL9E80Sj7fITunoDijiYQ1lsVwJYmm1CSL+oLyO2N5HPdo23GXAG64uKOAZQ=="
            },
            "stringstream": {
              "version": "0.0.5",
              "resolved": "http://registry.npmjs.org/stringstream/-/stringstream-0.0.5.tgz",
              "integrity": "sha512-QUQ1kThMjLRt4jA8lsn9lyIkE9bKafE7LDOL/nBBUY9Tfv2i3x1NAsVHG0uMCusFOWeeI6COhY/F20+avxRWSw=="
            },
            "tough-cookie": {
              "version": "2.2.1",
              "resolved": "http://registry.npmjs.org/tough-cookie/-/tough-cookie-2.2.1.tgz",
              "integrity": "sha512-eEYYegvebFzOPfrJK0rcwfhp1oadk6zvwOiySQn88/xiL1WSK7Jdgrmq1MPqWAWvTgaTWiQN658Hsu/2ccjERQ=="
            },
            "tunnel-agent": {
              "version": "0.4.2",
              "resolved": "http://registry.npmjs.org/tunnel-agent/-/tunnel-agent-0.4.2.tgz",
              "integrity": "sha512-uAcPtVev8tZ0JJ0ubNLMM2E2GRjHHhjqkaM6SDWJi/RaetrNwhe+UyprwnweWZnr83gVa9reqIi1xKLQSEfhAg=="
            }
          }
        }
      }
    },
    "debug": {
      "version": "4.1.1",
      "resolved": "https://registry.npmjs.org/debug/-/debug-4.1.1.tgz",
      "integrity": "sha512-pYAIzeRo8J6KPEaJ0VWOh5Pzkbw/RetuzehGM7QRRX5he4fPHx2rdKMB256ehJCkX+XRQm16eZLqLNS8RSZXZw==",
      "requires": {
        "ms": "^2.1.1"
      }
    },
    "dotenv": {
      "version": "8.2.0",
      "resolved": "https://registry.npmjs.org/dotenv/-/dotenv-8.2.0.tgz",
      "integrity": "sha512-8sJ78ElpbDJBHNeBzUbUVLsqKdccaa/BXF1uPTw3GrvQTBgrQrtObr2mUrE38vzYd8cEv+m/JBfDLioYcfXoaw=="
    },
    "endian-toggle": {
      "version": "0.0.0",
      "resolved": "https://registry.npmjs.org/endian-toggle/-/endian-toggle-0.0.0.tgz",
      "integrity": "sha1-5cx1eLEDLW7gHq/Nc3ZdsNtNwKY="
    },
    "events": {
      "version": "1.1.1",
      "resolved": "https://registry.npmjs.org/events/-/events-1.1.1.tgz",
      "integrity": "sha1-nr23Y1rQmccNzEwqH1AEKI6L2SQ="
    },
    "fast-deep-equal": {
      "version": "3.1.1",
      "resolved": "https://registry.npmjs.org/fast-deep-equal/-/fast-deep-equal-3.1.1.tgz",
      "integrity": "sha512-8UEa58QDLauDNfpbrX55Q9jrGHThw2ZMdOky5Gl1CDtVeJDPVrG4Jxx1N8jw2gkWaff5UUuX1KJd+9zGe2B+ZA=="
    },
    "fast-json-stable-stringify": {
      "version": "2.1.0",
      "resolved": "https://registry.npmjs.org/fast-json-stable-stringify/-/fast-json-stable-stringify-2.1.0.tgz",
      "integrity": "sha512-lhd/wF+Lk98HZoTCtlVraHtfh5XYijIjalXck7saUtuanSDyLMxnHhSXEDJqHxD7msR8D0uCmqlkwjCV8xvwHw=="
    },
    "ieee754": {
      "version": "1.1.13",
      "resolved": "https://registry.npmjs.org/ieee754/-/ieee754-1.1.13.tgz",
      "integrity": "sha512-4vf7I2LYV/HaWerSo3XmlMkp5eZ83i+/CDluXi/IGTs/O1sejBNhTtnxzmRZfvOUqj7lZjqHkeTvpgSFDlWZTg=="
    },
    "inherits": {
      "version": "2.0.4",
      "resolved": "https://registry.npmjs.org/inherits/-/inherits-2.0.4.tgz",
      "integrity": "sha512-k/vGaX4/Yla3WzyMCvTQOXYeIHvqOKtnqBduzTHpzpQZzAskKMhZ2K+EnBiSM9zGSoIFeMpXKxa4dYeZIQqewQ=="
    },
    "isarray": {
      "version": "1.0.0",
      "resolved": "https://registry.npmjs.org/isarray/-/isarray-1.0.0.tgz",
      "integrity": "sha1-u5NdSFgsuhaMBoNJV6VKPgcSTxE="
    },
    "jmespath": {
      "version": "0.15.0",
      "resolved": "https://registry.npmjs.org/jmespath/-/jmespath-0.15.0.tgz",
      "integrity": "sha1-o/Iiqarp+Wb10nx5ZRDigJF2Qhc="
    },
    "json-schema-traverse": {
      "version": "0.4.1",
      "resolved": "https://registry.npmjs.org/json-schema-traverse/-/json-schema-traverse-0.4.1.tgz",
      "integrity": "sha512-xbbCH5dCYU5T8LcEhhuh7HJ88HXuW3qsI3Y0zOZFKfZEHcpWiHU/Jxzk629Brsab/mMiHQti9wMP+845RPe3Vg=="
    },
    "lodash.get": {
      "version": "4.4.2",
      "resolved": "https://registry.npmjs.org/lodash.get/-/lodash.get-4.4.2.tgz",
      "integrity": "sha1-LRd/ZS+jHpObRDjVNBSZ36OCXpk="
    },
    "lodash.merge": {
      "version": "4.6.2",
      "resolved": "https://registry.npmjs.org/lodash.merge/-/lodash.merge-4.6.2.tgz",
      "integrity": "sha512-0KpjqXRVvrYyCsX1swR/XTK0va6VQkQM6MNo7PqW77ByjAhoARA8EfrP1N4+KlKj8YS0ZUCtRT/YUuhyYDujIQ=="
    },
    "lodash.reduce": {
      "version": "4.6.0",
      "resolved": "https://registry.npmjs.org/lodash.reduce/-/lodash.reduce-4.6.0.tgz",
      "integrity": "sha1-8atrg5KZrUj3hKu/R2WW8DuRTTs="
    },
    "macaddress": {
      "version": "0.2.9",
      "resolved": "https://registry.npmjs.org/macaddress/-/macaddress-0.2.9.tgz",
      "integrity": "sha512-k4F1JUof6cQXxNFzx3thLby4oJzXTXQueAOOts944Vqizn+Rjc2QNFenT9FJSLU1CH3PmrHRSyZs2E+Cqw+P2w=="
    },
    "minecraft-data": {
      "version": "2.46.0",
      "resolved": "https://registry.npmjs.org/minecraft-data/-/minecraft-data-2.46.0.tgz",
      "integrity": "sha512-WZibxCRbWGROO1IiQRJSoL9G4zIDekQBJ3VhDqlyo60hAoZHGPqv7EOY1q7e/9bKIU5nc6QvxIHuRymhuqP/TA=="
    },
    "minecraft-protocol": {
      "version": "1.11.0",
      "resolved": "https://registry.npmjs.org/minecraft-protocol/-/minecraft-protocol-1.11.0.tgz",
      "integrity": "sha512-elISYzntPx/RWgRXuqv3A84JtOw+JKpL/8GT6kJbZhHeztgfL0mRAkvSOgT0PoGkBS+h09pfVmRS4zvU7i+jxw==",
      "requires": {
        "buffer-equal": "^1.0.0",
        "debug": "^4.1.0",
        "endian-toggle": "^0.0.0",
        "lodash.get": "^4.1.2",
        "lodash.merge": "^4.3.0",
        "minecraft-data": "^2.41.0",
        "node-rsa": "^0.4.2",
        "prismarine-nbt": "^1.2.1",
        "protodef": "^1.6.7",
        "readable-stream": "^3.0.6",
        "uuid-1345": "^0.99.6",
        "yggdrasil": "^1.3.0"
      }
    },
    "ms": {
      "version": "2.1.2",
      "resolved": "https://registry.npmjs.org/ms/-/ms-2.1.2.tgz",
      "integrity": "sha512-sGkPx+VjMtmA6MX27oA4FBFELFCZZ4S4XqeGOXCv68tT+jb3vk/RyaKWP0PTKyWtmLSM0b+adUTEvbs1PEaH2w=="
    },
    "node-rsa": {
      "version": "0.4.2",
      "resolved": "https://registry.npmjs.org/node-rsa/-/node-rsa-0.4.2.tgz",
      "integrity": "sha1-1jkXKewWqDDtWjgEKzFX0tXXJTA=",
      "requires": {
        "asn1": "0.2.3"
      }
    },
    "phin": {
      "version": "3.4.1",
      "resolved": "https://registry.npmjs.org/phin/-/phin-3.4.1.tgz",
      "integrity": "sha512-NkBCNRPxeyrgaPlWx4DHTAdca3s2LkvIBiiG6RoSbykcOtW/pA/7rUP/67FPIinvbo7h+HENST/vJ17LdRNUdw==",
      "requires": {
        "centra": "^2.2.1"
      }
    },
    "prismarine-nbt": {
      "version": "1.2.1",
      "resolved": "https://registry.npmjs.org/prismarine-nbt/-/prismarine-nbt-1.2.1.tgz",
      "integrity": "sha512-E2bBd2XzmcynT67zrkucgrC2MIgjmUtUathJ9sfjTswT+ou+7kbHbbLHO3nHLb6TKGiWFH79OfUmBTHJFULpbw==",
      "requires": {
        "protodef": "^1.2.1"
      }
    },
    "protodef": {
      "version": "1.6.10",
      "resolved": "https://registry.npmjs.org/protodef/-/protodef-1.6.10.tgz",
      "integrity": "sha512-tsTML1o/J568/FuX5oevS5pcbYbjTmgjm8GeJUYjw37y+5Rt0JhpL5KHQFub274z6xaUKqB3x8Gvfz3RjibfIA==",
      "requires": {
        "lodash.get": "^4.4.2",
        "lodash.reduce": "^4.6.0",
        "protodef-validator": "^1.2.2",
        "readable-stream": "^3.0.3"
      }
    },
    "protodef-validator": {
      "version": "1.2.3",
      "resolved": "https://registry.npmjs.org/protodef-validator/-/protodef-validator-1.2.3.tgz",
      "integrity": "sha512-dMcSMYRh8s0z0iQN0PLVlXwJOgN8cgBuM1uWzhMjkLdpKCOASwp+h7wHnTigBTRVhGLywykcb3EKiGSsXX4vvA==",
      "requires": {
        "ajv": "^6.5.4"
      }
    },
    "punycode": {
      "version": "2.1.1",
      "resolved": "https://registry.npmjs.org/punycode/-/punycode-2.1.1.tgz",
      "integrity": "sha512-XRsRjdf+j5ml+y/6GKHPZbrF/8p2Yga0JPtdqTIY2Xe5ohJPD9saDJJLPvp9+NSBprVvevdXZybnj2cv8OEd0A=="
    },
    "querystring": {
      "version": "0.2.0",
      "resolved": "https://registry.npmjs.org/querystring/-/querystring-0.2.0.tgz",
      "integrity": "sha1-sgmEkgO7Jd+CDadW50cAWHhSFiA="
    },
    "readable-stream": {
      "version": "3.6.0",
      "resolved": "https://registry.npmjs.org/readable-stream/-/readable-stream-3.6.0.tgz",
      "integrity": "sha512-BViHy7LKeTz4oNnkcLJ+lVSL6vpiFeX6/d3oSH8zCW7UxP2onchk+vTGB143xuFjHS3deTgkKoXXymXqymiIdA==",
      "requires": {
        "inherits": "^2.0.3",
        "string_decoder": "^1.1.1",
        "util-deprecate": "^1.0.1"
      }
    },
    "safe-buffer": {
      "version": "5.2.0",
      "resolved": "https://registry.npmjs.org/safe-buffer/-/safe-buffer-5.2.0.tgz",
      "integrity": "sha512-fZEwUGbVl7kouZs1jCdMLdt95hdIv0ZeHg6L7qPeciMZhZ+/gdesW4wgTARkrFWEpspjEATAzUGPG8N2jJiwbg=="
    },
    "sax": {
      "version": "1.2.1",
      "resolved": "https://registry.npmjs.org/sax/-/sax-1.2.1.tgz",
      "integrity": "sha1-e45lYZCyKOgaZq6nSEgNgozS03o="
    },
    "string_decoder": {
      "version": "1.3.0",
      "resolved": "https://registry.npmjs.org/string_decoder/-/string_decoder-1.3.0.tgz",
      "integrity": "sha512-hkRX8U1WjJFd8LsDJ2yQ/wWWxaopEsABU1XfkM8A+j0+85JAGppt16cr1Whg6KIbb4okU6Mql6BOj+uup/wKeA==",
      "requires": {
        "safe-buffer": "~5.2.0"
      }
    },
    "uri-js": {
      "version": "4.2.2",
      "resolved": "https://registry.npmjs.org/uri-js/-/uri-js-4.2.2.tgz",
      "integrity": "sha512-KY9Frmirql91X2Qgjry0Wd4Y+YTdrdZheS8TFwvkbLWf/G5KNJDCh6pKL5OZctEW4+0Baa5idK2ZQuELRwPznQ==",
      "requires": {
        "punycode": "^2.1.0"
      }
    },
    "url": {
      "version": "0.10.3",
      "resolved": "https://registry.npmjs.org/url/-/url-0.10.3.tgz",
      "integrity": "sha1-Ah5NnHcF8hu/N9A861h2dAJ3TGQ=",
      "requires": {
        "punycode": "1.3.2",
        "querystring": "0.2.0"
      },
      "dependencies": {
        "punycode": {
          "version": "1.3.2",
          "resolved": "https://registry.npmjs.org/punycode/-/punycode-1.3.2.tgz",
          "integrity": "sha1-llOgNvt8HuQjQvIyXM7v6jkmxI0="
        }
      }
    },
    "util-deprecate": {
      "version": "1.0.2",
      "resolved": "https://registry.npmjs.org/util-deprecate/-/util-deprecate-1.0.2.tgz",
      "integrity": "sha1-RQ1Nyfpw3nMnYvvS1KKJgUGaDM8="
    },
    "uuid": {
      "version": "3.4.0",
      "resolved": "https://registry.npmjs.org/uuid/-/uuid-3.4.0.tgz",
      "integrity": "sha512-HjSDRw6gZE5JMggctHBcjVak08+KEVhSIiDzFnT9S9aegmp85S/bReBVTb4QTFaRNptJ9kuYaNhnbNEOkbKb/A=="
    },
    "uuid-1345": {
      "version": "0.99.7",
      "resolved": "https://registry.npmjs.org/uuid-1345/-/uuid-1345-0.99.7.tgz",
      "integrity": "sha512-A70cwvqH95zULri1/t00/r6Bd97hKpNvS9SoSLP9Bupn95sX/01JkOuH9YjJrmNul7ZAjyX3Y3ZMlDrCjuoNPQ==",
      "requires": {
        "macaddress": "^0.2.9"
      }
    },
    "xml2js": {
      "version": "0.4.19",
      "resolved": "https://registry.npmjs.org/xml2js/-/xml2js-0.4.19.tgz",
      "integrity": "sha512-esZnJZJOiJR9wWKMyuvSE1y6Dq5LCuJanqhxslH2bxM6duahNZ+HMpCLhBQGZkbX6xRf8x1Y2eJlgt2q3qo49Q==",
      "requires": {
        "sax": ">=0.6.0",
        "xmlbuilder": "~9.0.1"
      }
    },
    "xmlbuilder": {
      "version": "9.0.7",
      "resolved": "https://registry.npmjs.org/xmlbuilder/-/xmlbuilder-9.0.7.tgz",
      "integrity": "sha1-Ey7mPS7FVlxVfiD0wi35rKaGsQ0="
    },
    "yggdrasil": {
      "version": "1.3.0",
      "resolved": "https://registry.npmjs.org/yggdrasil/-/yggdrasil-1.3.0.tgz",
      "integrity": "sha512-Soeun64VJfFlqUY99GwoHwePZEhJTAvcYPbcTaH/1pqCVqEfENuUhc8rNJlngNKrVkvZOPRIJ+T8FCKtcu6BXA==",
      "requires": {
        "phin": "^3.4.1",
        "uuid": "^3.4.0"
      }
    }
  }
}
